
Microsoft Visual Studio Solution File, Format Version 12.00
# Visual Studio Version 17
VisualStudioVersion = 17.3.32819.101
MinimumVisualStudioVersion = 10.0.40219.1
Project("{9A19103F-16F7-4668-BE54-9A1E7A4F7556}") = "ThonkClient", "ThonkClient\ThonkClient.csproj", "{FD273B74-97DE-493A-AE21-B31A4B6A1DB6}"
EndProject
Project("{FAE04EC0-301F-11D3-BF4B-00C04F79EFBC}") = "ThonkBrain", "ThonkBrain\ThonkBrain.csproj", "{58A8089E-4CAF-44AD-BC57-DEE054409750}"
EndProject
Global
	GlobalSection(SolutionConfigurationPlatforms) = preSolution
		Debug|Any CPU = Debug|Any CPU
		Release|Any CPU = Release|Any CPU
	EndGlobalSection
	GlobalSection(ProjectConfigurationPlatforms) = postSolution
		{FD273B74-97DE-493A-AE21-B31A4B6A1DB6}.Debug|Any CPU.ActiveCfg = Debug|Any CPU
		{FD273B74-97DE-493A-AE21-B31A4B6A1DB6}.Debug|Any CPU.Build.0 = Debug|Any CPU
		{FD273B74-97DE-493A-AE21-B31A4B6A1DB6}.Release|Any CPU.ActiveCfg = Release|Any CPU
		{FD273B74-97DE-493A-AE21-B31A4B6A1DB6}.Release|Any CPU.Build.0 = Release|Any CPU
		{58A8089E-4CAF-44AD-BC57-DEE054409750}.Debug|Any CPU.ActiveCfg = Debug|Any CPU
		{58A8089E-4CAF-44AD-BC57-DEE054409750}.Debug|Any CPU.Build.0 = Debug|Any CPU
		{58A8089E-4CAF-44AD-BC57-DEE054409750}.Release|Any CPU.ActiveCfg = Release|Any CPU
		{58A8089E-4CAF-44AD-BC57-DEE054409750}.Release|Any CPU.Build.0 = Release|Any CPU
	EndGlobalSection
	GlobalSection(SolutionProperties) = preSolution
		HideSolutionNode = FALSE
	EndGlobalSection
	GlobalSection(ExtensibilityGlobals) = postSolution
		SolutionGuid = {6965C871-DCFD-4A01-AA56-ECE3025C8195}
	EndGlobalSection
EndGlobal
